
Microsoft Visual Studio Solution File, Format Version 12.00
# Visual Studio 15
VisualStudioVersion = 15.0.28307.1267
MinimumVisualStudioVersion = 10.0.40219.1
Project("{FAE04EC0-301F-11D3-BF4B-00C04F79EFBC}") = "RentalKendaraan_034", "RentalKendaraan_034\RentalKendaraan_034.csproj", "{E01726B6-E6F3-4216-ABDE-7029A36C3337}"
EndProject
Global
	GlobalSection(SolutionConfigurationPlatforms) = preSolution
		Debug|Any CPU = Debug|Any CPU
		Release|Any CPU = Release|Any CPU
	EndGlobalSection
	GlobalSection(ProjectConfigurationPlatforms) = postSolution
		{E01726B6-E6F3-4216-ABDE-7029A36C3337}.Debug|Any CPU.ActiveCfg = Debug|Any CPU
		{E01726B6-E6F3-4216-ABDE-7029A36C3337}.Debug|Any CPU.Build.0 = Debug|Any CPU
		{E01726B6-E6F3-4216-ABDE-7029A36C3337}.Release|Any CPU.ActiveCfg = Release|Any CPU
		{E01726B6-E6F3-4216-ABDE-7029A36C3337}.Release|Any CPU.Build.0 = Release|Any CPU
	EndGlobalSection
	GlobalSection(SolutionProperties) = preSolution
		HideSolutionNode = FALSE
	EndGlobalSection
	GlobalSection(ExtensibilityGlobals) = postSolution
		SolutionGuid = {7B85F83A-F726-45E2-9B8E-096EA6C226D3}
	EndGlobalSection
EndGlobal
